<?xml version="1.0" encoding="utf-8"?>
<Project ToolsVersion="4.0" xmlns="http://schemas.microsoft.com/developer/msbuild/2003">
  <ItemGroup>
    <Filter Include="win32">
      <UniqueIdentifier>{84a8ebd7-7cf0-47f6-b75e-d441df67da40}</UniqueIdentifier>
    </Filter>
    <Filter Include="resource">
      <UniqueIdentifier>{715254bc-d70b-4ec5-bf29-467dd3ace079}</UniqueIdentifier>
    </Filter>
    <Filter Include="src">
      <UniqueIdentifier>{bb6c862e-70e9-49d9-81b7-3829a6f50471}</UniqueIdentifier>
    </Filter>
    <Filter Include="src\Block">
      <UniqueIdentifier>{e3c16170-8116-4566-ade2-75165be2e027}</UniqueIdentifier>
    </Filter>
    <Filter Include="src\Sqlite">
      <UniqueIdentifier>{42954869-b16e-4cb6-9191-b14e9b5a7d2f}</UniqueIdentifier>
    </Filter>
    <Filter Include="src\tools">
      <UniqueIdentifier>{5ed0aba2-b60c-4077-a8db-62ed98ab69fe}</UniqueIdentifier>
    </Filter>
    <Filter Include="src\utill">
      <UniqueIdentifier>{1b812391-a5f9-492b-99bd-6d7cda266bd9}</UniqueIdentifier>
    </Filter>
  </ItemGroup>
  <ItemGroup>
    <ClCompile Include="main.cpp">
      <Filter>win32</Filter>
    </ClCompile>
    <ClCompile Include="..\Classes\AppDelegate.cpp">
      <Filter>src</Filter>
    </ClCompile>
    <ClCompile Include="..\Classes\Block\BlockGroupDFour.cpp">
      <Filter>src\Block</Filter>
    </ClCompile>
    <ClCompile Include="..\Classes\Block\BlockGroupDOne.cpp">
      <Filter>src\Block</Filter>
    </ClCompile>
    <ClCompile Include="..\Classes\Block\BlockGroupDSeven.cpp">
      <Filter>src\Block</Filter>
    </ClCompile>
    <ClCompile Include="..\Classes\Block\BlockGroupDSix.cpp">
      <Filter>src\Block</Filter>
    </ClCompile>
    <ClCompile Include="..\Classes\Block\BlockGroupDThree.cpp">
      <Filter>src\Block</Filter>
    </ClCompile>
    <ClCompile Include="..\Classes\Block\BlockGroupDTwo.cpp">
      <Filter>src\Block</Filter>
    </ClCompile>
    <ClCompile Include="..\Classes\Block\BlockGroupI.cpp">
      <Filter>src\Block</Filter>
    </ClCompile>
    <ClCompile Include="..\Classes\Block\BlockGroupJ.cpp">
      <Filter>src\Block</Filter>
    </ClCompile>
    <ClCompile Include="..\Classes\Block\BlockGroupL.cpp">
      <Filter>src\Block</Filter>
    </ClCompile>
    <ClCompile Include="..\Classes\Block\BlockGroupO.cpp">
      <Filter>src\Block</Filter>
    </ClCompile>
    <ClCompile Include="..\Classes\Block\BlockGroupS.cpp">
      <Filter>src\Block</Filter>
    </ClCompile>
    <ClCompile Include="..\Classes\Block\BlockGroupT.cpp">
      <Filter>src\Block</Filter>
    </ClCompile>
    <ClCompile Include="..\Classes\Block\BlockGroupZ.cpp">
      <Filter>src\Block</Filter>
    </ClCompile>
    <ClCompile Include="..\Classes\Block\GameField.cpp">
      <Filter>src\Block</Filter>
    </ClCompile>
    <ClCompile Include="..\Classes\Block\SpriteManager.cpp">
      <Filter>src\Block</Filter>
    </ClCompile>
    <ClCompile Include="..\Classes\Block\BlockGroup.cpp">
      <Filter>src\Block</Filter>
    </ClCompile>
    <ClCompile Include="..\Classes\Block\BlockGroupDFive.cpp">
      <Filter>src\Block</Filter>
    </ClCompile>
    <ClCompile Include="..\Classes\Sqlite\DBUtil.cpp">
      <Filter>src\Sqlite</Filter>
    </ClCompile>
    <ClCompile Include="..\Classes\Sqlite\sqlite3.c">
      <Filter>src\Sqlite</Filter>
    </ClCompile>
    <ClCompile Include="..\Classes\Sqlite\DBManager.cpp">
      <Filter>src\Sqlite</Filter>
    </ClCompile>
    <ClCompile Include="..\Classes\tools\GameOverLayer.cpp">
      <Filter>src\tools</Filter>
    </ClCompile>
    <ClCompile Include="..\Classes\tools\PopupLayer.cpp">
      <Filter>src\tools</Filter>
    </ClCompile>
    <ClCompile Include="..\Classes\tools\RankingScene.cpp">
      <Filter>src\tools</Filter>
    </ClCompile>
    <ClCompile Include="..\Classes\tools\StringManager.cpp">
      <Filter>src\tools</Filter>
    </ClCompile>
    <ClCompile Include="..\Classes\tools\VolumeScene.cpp">
      <Filter>src\tools</Filter>
    </ClCompile>
    <ClCompile Include="..\Classes\tools\ExitLayer.cpp">
      <Filter>src\tools</Filter>
    </ClCompile>
    <ClCompile Include="..\Classes\utill\Audio.cpp">
      <Filter>src\utill</Filter>
    </ClCompile>
    <ClCompile Include="..\Classes\utill\MyMenuItemButton.cpp">
      <Filter>src\utill</Filter>
    </ClCompile>
    <ClCompile Include="..\Classes\utill\AnimationUtil.cpp">
      <Filter>src\utill</Filter>
    </ClCompile>
    <ClCompile Include="..\Classes\AboutScene.cpp">
      <Filter>src</Filter>
    </ClCompile>
    <ClCompile Include="..\Classes\CommonFunction.cpp">
      <Filter>src</Filter>
    </ClCompile>
    <ClCompile Include="..\Classes\DragModeGameMainScene.cpp">
      <Filter>src</Filter>
    </ClCompile>
    <ClCompile Include="..\Classes\DragModeGameWidget.cpp">
      <Filter>src</Filter>
    </ClCompile>
    <ClCompile Include="..\Classes\GameScene.cpp">
      <Filter>src</Filter>
    </ClCompile>
    <ClCompile Include="..\Classes\GameWidget.cpp">
      <Filter>src</Filter>
    </ClCompile>
    <ClCompile Include="..\Classes\LogoScene.cpp">
      <Filter>src</Filter>
    </ClCompile>
    <ClCompile Include="..\Classes\MainScene.cpp">
      <Filter>src</Filter>
    </ClCompile>
    <ClCompile Include="..\Classes\SetupScene.cpp">
      <Filter>src</Filter>
    </ClCompile>
    <ClCompile Include="..\Classes\TestMainScene.cpp">
      <Filter>src</Filter>
    </ClCompile>
    <ClCompile Include="..\Classes\tools\PauseLayer.cpp">
      <Filter>src\tools</Filter>
    </ClCompile>
    <ClCompile Include="..\Classes\tools\BaseLayer.cpp">
      <Filter>src\tools</Filter>
    </ClCompile>
    <ClCompile Include="..\Classes\BaseGame.cpp">
      <Filter>src</Filter>
    </ClCompile>
    <ClCompile Include="..\Classes\utill\SkillButton.cpp">
      <Filter>src\utill</Filter>
    </ClCompile>
  </ItemGroup>
  <ItemGroup>
    <ClInclude Include="main.h">
      <Filter>win32</Filter>
    </ClInclude>
    <ClInclude Include="..\Classes\AppDelegate.h">
      <Filter>src</Filter>
    </ClInclude>
    <ClInclude Include="..\Classes\Block\BlockGroupDFive.h">
      <Filter>src\Block</Filter>
    </ClInclude>
    <ClInclude Include="..\Classes\Block\BlockGroupDFour.h">
      <Filter>src\Block</Filter>
    </ClInclude>
    <ClInclude Include="..\Classes\Block\BlockGroupDOne.h">
      <Filter>src\Block</Filter>
    </ClInclude>
    <ClInclude Include="..\Classes\Block\BlockGroupDSeven.h">
      <Filter>src\Block</Filter>
    </ClInclude>
    <ClInclude Include="..\Classes\Block\BlockGroupDSix.h">
      <Filter>src\Block</Filter>
    </ClInclude>
    <ClInclude Include="..\Classes\Block\BlockGroupDThree.h">
      <Filter>src\Block</Filter>
    </ClInclude>
    <ClInclude Include="..\Classes\Block\BlockGroupDTwo.h">
      <Filter>src\Block</Filter>
    </ClInclude>
    <ClInclude Include="..\Classes\Block\BlockGroupI.h">
      <Filter>src\Block</Filter>
    </ClInclude>
    <ClInclude Include="..\Classes\Block\BlockGroupJ.h">
      <Filter>src\Block</Filter>
    </ClInclude>
    <ClInclude Include="..\Classes\Block\BlockGroupL.h">
      <Filter>src\Block</Filter>
    </ClInclude>
    <ClInclude Include="..\Classes\Block\BlockGroupO.h">
      <Filter>src\Block</Filter>
    </ClInclude>
    <ClInclude Include="..\Classes\Block\BlockGroupS.h">
      <Filter>src\Block</Filter>
    </ClInclude>
    <ClInclude Include="..\Classes\Block\BlockGroupT.h">
      <Filter>src\Block</Filter>
    </ClInclude>
    <ClInclude Include="..\Classes\Block\BlockGroupZ.h">
      <Filter>src\Block</Filter>
    </ClInclude>
    <ClInclude Include="..\Classes\Block\GameField.h">
      <Filter>src\Block</Filter>
    </ClInclude>
    <ClInclude Include="..\Classes\Block\SpriteManager.h">
      <Filter>src\Block</Filter>
    </ClInclude>
    <ClInclude Include="..\Classes\Block\BlockGroup.h">
      <Filter>src\Block</Filter>
    </ClInclude>
    <ClInclude Include="..\Classes\Sqlite\DBManager.h">
      <Filter>src\Sqlite</Filter>
    </ClInclude>
    <ClInclude Include="..\Classes\Sqlite\DBUtil.h">
      <Filter>src\Sqlite</Filter>
    </ClInclude>
    <ClInclude Include="..\Classes\Sqlite\sqlite3.h">
      <Filter>src\Sqlite</Filter>
    </ClInclude>
    <ClInclude Include="..\Classes\tools\ExitLayer.h">
      <Filter>src\tools</Filter>
    </ClInclude>
    <ClInclude Include="..\Classes\tools\GameOverLayer.h">
      <Filter>src\tools</Filter>
    </ClInclude>
    <ClInclude Include="..\Classes\tools\PopupLayer.h">
      <Filter>src\tools</Filter>
    </ClInclude>
    <ClInclude Include="..\Classes\tools\RankingScene.h">
      <Filter>src\tools</Filter>
    </ClInclude>
    <ClInclude Include="..\Classes\tools\StringManager.h">
      <Filter>src\tools</Filter>
    </ClInclude>
    <ClInclude Include="..\Classes\tools\VolumeScene.h">
      <Filter>src\tools</Filter>
    </ClInclude>
    <ClInclude Include="..\Classes\utill\AnimationUtil.h">
      <Filter>src\utill</Filter>
    </ClInclude>
    <ClInclude Include="..\Classes\utill\Audio.h">
      <Filter>src\utill</Filter>
    </ClInclude>
    <ClInclude Include="..\Classes\utill\MyMenuItemButton.h">
      <Filter>src\utill</Filter>
    </ClInclude>
    <ClInclude Include="..\Classes\AboutScene.h">
      <Filter>src</Filter>
    </ClInclude>
    <ClInclude Include="..\Classes\AppMacros.h">
      <Filter>src</Filter>
    </ClInclude>
    <ClInclude Include="..\Classes\CommonFunction.h">
      <Filter>src</Filter>
    </ClInclude>
    <ClInclude Include="..\Classes\DragModeGameMainScene.h">
      <Filter>src</Filter>
    </ClInclude>
    <ClInclude Include="..\Classes\DragModeGameWidget.h">
      <Filter>src</Filter>
    </ClInclude>
    <ClInclude Include="..\Classes\GameScene.h">
      <Filter>src</Filter>
    </ClInclude>
    <ClInclude Include="..\Classes\GameWidget.h">
      <Filter>src</Filter>
    </ClInclude>
    <ClInclude Include="..\Classes\LogoScene.h">
      <Filter>src</Filter>
    </ClInclude>
    <ClInclude Include="..\Classes\MainScene.h">
      <Filter>src</Filter>
    </ClInclude>
    <ClInclude Include="..\Classes\SetupScene.h">
      <Filter>src</Filter>
    </ClInclude>
    <ClInclude Include="..\Classes\TestMainScene.h">
      <Filter>src</Filter>
    </ClInclude>
    <ClInclude Include="..\Classes\tools\PauseLayer.h">
      <Filter>src\tools</Filter>
    </ClInclude>
    <ClInclude Include="..\Classes\MsgDefine.h">
      <Filter>src</Filter>
    </ClInclude>
    <ClInclude Include="..\Classes\tools\BaseLayer.h">
      <Filter>src\tools</Filter>
    </ClInclude>
    <ClInclude Include="..\Classes\BaseGame.h">
      <Filter>src</Filter>
    </ClInclude>
    <ClInclude Include="..\Classes\utill\SkillButton.h">
      <Filter>src\utill</Filter>
    </ClInclude>
  </ItemGroup>
  <ItemGroup>
    <ResourceCompile Include="game.rc">
      <Filter>resource</Filter>
    </ResourceCompile>
  </ItemGroup>
</Project>